
Microsoft Visual Studio Solution File, Format Version 12.00
# Visual Studio Version 17
VisualStudioVersion = 17.2.32602.215
MinimumVisualStudioVersion = 10.0.40219.1
Project("{FAE04EC0-301F-11D3-BF4B-00C04F79EFBC}") = "TestWpfProj", "TestWpfProj\TestWpfProj.csproj", "{2915A823-F965-4D72-8EB7-B8F7A7F982C9}"
EndProject
Global
	GlobalSection(SolutionConfigurationPlatforms) = preSolution
		Debug|Any CPU = Debug|Any CPU
		Release|Any CPU = Release|Any CPU
	EndGlobalSection
	GlobalSection(ProjectConfigurationPlatforms) = postSolution
		{2915A823-F965-4D72-8EB7-B8F7A7F982C9}.Debug|Any CPU.ActiveCfg = Debug|Any CPU
		{2915A823-F965-4D72-8EB7-B8F7A7F982C9}.Debug|Any CPU.Build.0 = Debug|Any CPU
		{2915A823-F965-4D72-8EB7-B8F7A7F982C9}.Release|Any CPU.ActiveCfg = Release|Any CPU
		{2915A823-F965-4D72-8EB7-B8F7A7F982C9}.Release|Any CPU.Build.0 = Release|Any CPU
	EndGlobalSection
	GlobalSection(SolutionProperties) = preSolution
		HideSolutionNode = FALSE
	EndGlobalSection
	GlobalSection(ExtensibilityGlobals) = postSolution
		SolutionGuid = {A6F77424-4EFF-4D2E-A11F-CE58A2AA5812}
	EndGlobalSection
EndGlobal
