
Microsoft Visual Studio Solution File, Format Version 12.00
# Visual Studio Version 17
VisualStudioVersion = 17.2.32602.215
MinimumVisualStudioVersion = 10.0.40219.1
Project("{FAE04EC0-301F-11D3-BF4B-00C04F79EFBC}") = "Meme Accounting", "Meme Accounting\Meme Accounting.csproj", "{A92369B7-8EFF-430E-A457-4EBD17689164}"
EndProject
Global
	GlobalSection(SolutionConfigurationPlatforms) = preSolution
		Debug|Any CPU = Debug|Any CPU
		Release|Any CPU = Release|Any CPU
	EndGlobalSection
	GlobalSection(ProjectConfigurationPlatforms) = postSolution
		{A92369B7-8EFF-430E-A457-4EBD17689164}.Debug|Any CPU.ActiveCfg = Debug|Any CPU
		{A92369B7-8EFF-430E-A457-4EBD17689164}.Debug|Any CPU.Build.0 = Debug|Any CPU
		{A92369B7-8EFF-430E-A457-4EBD17689164}.Release|Any CPU.ActiveCfg = Release|Any CPU
		{A92369B7-8EFF-430E-A457-4EBD17689164}.Release|Any CPU.Build.0 = Release|Any CPU
	EndGlobalSection
	GlobalSection(SolutionProperties) = preSolution
		HideSolutionNode = FALSE
	EndGlobalSection
	GlobalSection(ExtensibilityGlobals) = postSolution
		SolutionGuid = {A6F77424-4EFF-4D2E-A11F-CE58A2AA5812}
	EndGlobalSection
EndGlobal
